
Microsoft Visual Studio Solution File, Format Version 12.00
# Visual Studio Version 17
VisualStudioVersion = 17.10.35013.160
MinimumVisualStudioVersion = 10.0.40219.1
Project("{FAE04EC0-301F-11D3-BF4B-00C04F79EFBC}") = "ConsoleAppXml", "ConsoleAppXml\ConsoleAppXml.csproj", "{4D7E9192-9F89-4CF3-9C6E-808457C7370F}"
EndProject
Global
	GlobalSection(SolutionConfigurationPlatforms) = preSolution
		Debug|Any CPU = Debug|Any CPU
		Release|Any CPU = Release|Any CPU
	EndGlobalSection
	GlobalSection(ProjectConfigurationPlatforms) = postSolution
		{4D7E9192-9F89-4CF3-9C6E-808457C7370F}.Debug|Any CPU.ActiveCfg = Debug|Any CPU
		{4D7E9192-9F89-4CF3-9C6E-808457C7370F}.Debug|Any CPU.Build.0 = Debug|Any CPU
		{4D7E9192-9F89-4CF3-9C6E-808457C7370F}.Release|Any CPU.ActiveCfg = Release|Any CPU
		{4D7E9192-9F89-4CF3-9C6E-808457C7370F}.Release|Any CPU.Build.0 = Release|Any CPU
	EndGlobalSection
	GlobalSection(SolutionProperties) = preSolution
		HideSolutionNode = FALSE
	EndGlobalSection
	GlobalSection(ExtensibilityGlobals) = postSolution
		SolutionGuid = {C0DC525C-D459-44C3-96DC-76BEADB04A33}
	EndGlobalSection
EndGlobal
